
Microsoft Visual Studio Solution File, Format Version 12.00
# Visual Studio Version 17
VisualStudioVersion = 17.14.36401.2
MinimumVisualStudioVersion = 10.0.40219.1
Project("{FAE04EC0-301F-11D3-BF4B-00C04F79EFBC}") = "PlaneTIcketLatestPatch", "PlaneTIcketLatestPatch.csproj", "{A4D5BA0F-E339-45CA-8E29-3C30E844FD4B}"
EndProject
Project("{FAE04EC0-301F-11D3-BF4B-00C04F79EFBC}") = "DataAccess", "..\DataAccess\DataAccess.csproj", "{88708C1C-528A-4674-A6A7-23F61759B8D5}"
EndProject
Project("{FAE04EC0-301F-11D3-BF4B-00C04F79EFBC}") = "BussinessLogic", "..\BussinessLogic\BussinessLogic.csproj", "{E1A91DA1-87F6-4D96-9D3E-DC8DCBF9BC6E}"
EndProject
Project("{FAE04EC0-301F-11D3-BF4B-00C04F79EFBC}") = "RestApi", "..\RestApi\RestApi.csproj", "{3FEB02B6-F798-4683-AE60-A7A089881DF3}"
EndProject
Project("{FAE04EC0-301F-11D3-BF4B-00C04F79EFBC}") = "ModelAndDto", "..\ModelAndDto\ModelAndDto.csproj", "{FB7E4835-0B72-46DE-88A3-80062957ACAB}"
EndProject
Project("{FAE04EC0-301F-11D3-BF4B-00C04F79EFBC}") = "FlightDashboardWeb", "..\FlightDashboardWeb\FlightDashboardWeb.csproj", "{B82F3906-AF10-4E8D-BBF7-11BAA6FAA161}"
EndProject
Project("{FAE04EC0-301F-11D3-BF4B-00C04F79EFBC}") = "AirplaneFormApplication", "..\AirplaneFormApplication\AirplaneFormApplication.csproj", "{9056138B-5B97-48A2-B409-AB022F10E684}"
EndProject
Project("{FAE04EC0-301F-11D3-BF4B-00C04F79EFBC}") = "SignalRServerWebApp", "..\SignalRServerWebApp\SignalRServerWebApp.csproj", "{9042D007-B6CD-4CB4-83C1-926C9EB33463}"
EndProject
Project("{FAE04EC0-301F-11D3-BF4B-00C04F79EFBC}") = "SocketServerConsoleApp", "..\SocketServerConsoleApp\SocketServerConsoleApp.csproj", "{0035F394-0A40-4417-AAA5-1A4B32A5C261}"
EndProject
Global
	GlobalSection(SolutionConfigurationPlatforms) = preSolution
		Debug|Any CPU = Debug|Any CPU
		Release|Any CPU = Release|Any CPU
	EndGlobalSection
	GlobalSection(ProjectConfigurationPlatforms) = postSolution
		{A4D5BA0F-E339-45CA-8E29-3C30E844FD4B}.Debug|Any CPU.ActiveCfg = Debug|Any CPU
		{A4D5BA0F-E339-45CA-8E29-3C30E844FD4B}.Debug|Any CPU.Build.0 = Debug|Any CPU
		{A4D5BA0F-E339-45CA-8E29-3C30E844FD4B}.Release|Any CPU.ActiveCfg = Release|Any CPU
		{A4D5BA0F-E339-45CA-8E29-3C30E844FD4B}.Release|Any CPU.Build.0 = Release|Any CPU
		{88708C1C-528A-4674-A6A7-23F61759B8D5}.Debug|Any CPU.ActiveCfg = Debug|Any CPU
		{88708C1C-528A-4674-A6A7-23F61759B8D5}.Debug|Any CPU.Build.0 = Debug|Any CPU
		{88708C1C-528A-4674-A6A7-23F61759B8D5}.Release|Any CPU.ActiveCfg = Release|Any CPU
		{88708C1C-528A-4674-A6A7-23F61759B8D5}.Release|Any CPU.Build.0 = Release|Any CPU
		{E1A91DA1-87F6-4D96-9D3E-DC8DCBF9BC6E}.Debug|Any CPU.ActiveCfg = Debug|Any CPU
		{E1A91DA1-87F6-4D96-9D3E-DC8DCBF9BC6E}.Debug|Any CPU.Build.0 = Debug|Any CPU
		{E1A91DA1-87F6-4D96-9D3E-DC8DCBF9BC6E}.Release|Any CPU.ActiveCfg = Release|Any CPU
		{E1A91DA1-87F6-4D96-9D3E-DC8DCBF9BC6E}.Release|Any CPU.Build.0 = Release|Any CPU
		{3FEB02B6-F798-4683-AE60-A7A089881DF3}.Debug|Any CPU.ActiveCfg = Debug|Any CPU
		{3FEB02B6-F798-4683-AE60-A7A089881DF3}.Debug|Any CPU.Build.0 = Debug|Any CPU
		{3FEB02B6-F798-4683-AE60-A7A089881DF3}.Release|Any CPU.ActiveCfg = Release|Any CPU
		{3FEB02B6-F798-4683-AE60-A7A089881DF3}.Release|Any CPU.Build.0 = Release|Any CPU
		{FB7E4835-0B72-46DE-88A3-80062957ACAB}.Debug|Any CPU.ActiveCfg = Debug|Any CPU
		{FB7E4835-0B72-46DE-88A3-80062957ACAB}.Debug|Any CPU.Build.0 = Debug|Any CPU
		{FB7E4835-0B72-46DE-88A3-80062957ACAB}.Release|Any CPU.ActiveCfg = Release|Any CPU
		{FB7E4835-0B72-46DE-88A3-80062957ACAB}.Release|Any CPU.Build.0 = Release|Any CPU
		{B82F3906-AF10-4E8D-BBF7-11BAA6FAA161}.Debug|Any CPU.ActiveCfg = Debug|Any CPU
		{B82F3906-AF10-4E8D-BBF7-11BAA6FAA161}.Debug|Any CPU.Build.0 = Debug|Any CPU
		{B82F3906-AF10-4E8D-BBF7-11BAA6FAA161}.Release|Any CPU.ActiveCfg = Release|Any CPU
		{B82F3906-AF10-4E8D-BBF7-11BAA6FAA161}.Release|Any CPU.Build.0 = Release|Any CPU
		{9056138B-5B97-48A2-B409-AB022F10E684}.Debug|Any CPU.ActiveCfg = Debug|Any CPU
		{9056138B-5B97-48A2-B409-AB022F10E684}.Debug|Any CPU.Build.0 = Debug|Any CPU
		{9056138B-5B97-48A2-B409-AB022F10E684}.Release|Any CPU.ActiveCfg = Release|Any CPU
		{9056138B-5B97-48A2-B409-AB022F10E684}.Release|Any CPU.Build.0 = Release|Any CPU
		{9042D007-B6CD-4CB4-83C1-926C9EB33463}.Debug|Any CPU.ActiveCfg = Debug|Any CPU
		{9042D007-B6CD-4CB4-83C1-926C9EB33463}.Debug|Any CPU.Build.0 = Debug|Any CPU
		{9042D007-B6CD-4CB4-83C1-926C9EB33463}.Release|Any CPU.ActiveCfg = Release|Any CPU
		{9042D007-B6CD-4CB4-83C1-926C9EB33463}.Release|Any CPU.Build.0 = Release|Any CPU
		{0035F394-0A40-4417-AAA5-1A4B32A5C261}.Debug|Any CPU.ActiveCfg = Debug|Any CPU
		{0035F394-0A40-4417-AAA5-1A4B32A5C261}.Debug|Any CPU.Build.0 = Debug|Any CPU
		{0035F394-0A40-4417-AAA5-1A4B32A5C261}.Release|Any CPU.ActiveCfg = Release|Any CPU
		{0035F394-0A40-4417-AAA5-1A4B32A5C261}.Release|Any CPU.Build.0 = Release|Any CPU
	EndGlobalSection
	GlobalSection(SolutionProperties) = preSolution
		HideSolutionNode = FALSE
	EndGlobalSection
	GlobalSection(ExtensibilityGlobals) = postSolution
		SolutionGuid = {0A8C4045-CC26-40A6-991B-EB6EF18A4F50}
	EndGlobalSection
EndGlobal
